
Microsoft Visual Studio Solution File, Format Version 12.00
# Visual Studio Version 16
VisualStudioVersion = 16.0.30011.22
MinimumVisualStudioVersion = 10.0.40219.1
Project("{FAE04EC0-301F-11D3-BF4B-00C04F79EFBC}") = "Golf", "Golf\Golf.csproj", "{06F19E54-7B90-45D7-B46C-5AAECC0745A0}"
EndProject
Global
	GlobalSection(SolutionConfigurationPlatforms) = preSolution
		Debug|Any CPU = Debug|Any CPU
		Release|Any CPU = Release|Any CPU
	EndGlobalSection
	GlobalSection(ProjectConfigurationPlatforms) = postSolution
		{06F19E54-7B90-45D7-B46C-5AAECC0745A0}.Debug|Any CPU.ActiveCfg = Debug|Any CPU
		{06F19E54-7B90-45D7-B46C-5AAECC0745A0}.Debug|Any CPU.Build.0 = Debug|Any CPU
		{06F19E54-7B90-45D7-B46C-5AAECC0745A0}.Release|Any CPU.ActiveCfg = Release|Any CPU
		{06F19E54-7B90-45D7-B46C-5AAECC0745A0}.Release|Any CPU.Build.0 = Release|Any CPU
	EndGlobalSection
	GlobalSection(SolutionProperties) = preSolution
		HideSolutionNode = FALSE
	EndGlobalSection
	GlobalSection(ExtensibilityGlobals) = postSolution
		SolutionGuid = {FD6EDEE5-4B3B-47AB-84F4-326B5858D2A4}
	EndGlobalSection
EndGlobal
